<?xml version="1.0" encoding="utf-8"?>
<Project ToolsVersion="4.0" xmlns="http://schemas.microsoft.com/developer/msbuild/2003">
  <ItemGroup>
    <Filter Include="Source Files">
      <UniqueIdentifier>{4FC737F1-C7A5-4376-A066-2A32D752A2FF}</UniqueIdentifier>
      <Extensions>cpp;c;cc;cxx;def;odl;idl;hpj;bat;asm;asmx</Extensions>
    </Filter>
    <Filter Include="Header Files">
      <UniqueIdentifier>{93995380-89BD-4b04-88EB-625FBE52EBFB}</UniqueIdentifier>
      <Extensions>h;hpp;hxx;hm;inl;inc;xsd</Extensions>
    </Filter>
    <Filter Include="Resource Files">
      <UniqueIdentifier>{67DA6AB6-F800-4c08-8B7A-83BB121AAD01}</UniqueIdentifier>
      <Extensions>rc;ico;cur;bmp;dlg;rc2;rct;bin;rgs;gif;jpg;jpeg;jpe;resx;tiff;tif;png;wav;mfcribbon-ms</Extensions>
    </Filter>
    <Filter Include="Source Files\Service">
      <UniqueIdentifier>{8bc65406-d755-4f0c-9eb2-e8197ad9253e}</UniqueIdentifier>
    </Filter>
    <Filter Include="Source Files\Update">
      <UniqueIdentifier>{1e57b16c-d1b9-4120-9979-c2ef10d6700d}</UniqueIdentifier>
    </Filter>
    <Filter Include="Source Files\AntiVm">
      <UniqueIdentifier>{593d8949-e368-4421-9814-04903fddd2f8}</UniqueIdentifier>
    </Filter>
  </ItemGroup>
  <ItemGroup>
    <Text Include="ReadMe.txt" />
  </ItemGroup>
  <ItemGroup>
    <ClInclude Include="stdafx.h">
      <Filter>Header Files</Filter>
    </ClInclude>
    <ClInclude Include="targetver.h">
      <Filter>Header Files</Filter>
    </ClInclude>
    <ClInclude Include="Resource.h">
      <Filter>Header Files</Filter>
    </ClInclude>
    <ClInclude Include="NewGdp.h">
      <Filter>Header Files</Filter>
    </ClInclude>
    <ClInclude Include="Configure.h">
      <Filter>Header Files</Filter>
    </ClInclude>
    <ClInclude Include="ServiceInstaller.h">
      <Filter>Header Files</Filter>
    </ClInclude>
    <ClInclude Include="Service\WinPrivilege.h">
      <Filter>Source Files\Service</Filter>
    </ClInclude>
    <ClInclude Include="Update\GdpUpdate.h">
      <Filter>Source Files\Update</Filter>
    </ClInclude>
    <ClInclude Include="Service\Procprivilege.h">
      <Filter>Source Files\Service</Filter>
    </ClInclude>
    <ClInclude Include="Service\WinToken.h">
      <Filter>Source Files\Service</Filter>
    </ClInclude>
    <ClInclude Include="CallMeUpLoadByUninstall.h">
      <Filter>Header Files</Filter>
    </ClInclude>
    <ClInclude Include="AntiVm\StringMatch.h">
      <Filter>Source Files\AntiVm</Filter>
    </ClInclude>
    <ClInclude Include="AntiVm\VMDetect.h">
      <Filter>Source Files\AntiVm</Filter>
    </ClInclude>
    <ClInclude Include="AntiVm\md5.h">
      <Filter>Source Files\AntiVm</Filter>
    </ClInclude>
    <ClInclude Include="Service\WPMService.h">
      <Filter>Source Files\Service</Filter>
    </ClInclude>
    <ClInclude Include="Service\APIService.h">
      <Filter>Source Files\Service</Filter>
    </ClInclude>
  </ItemGroup>
  <ItemGroup>
    <ClCompile Include="stdafx.cpp">
      <Filter>Source Files</Filter>
    </ClCompile>
    <ClCompile Include="NewGdp.cpp">
      <Filter>Source Files</Filter>
    </ClCompile>
    <ClCompile Include="Configure.cpp">
      <Filter>Source Files</Filter>
    </ClCompile>
    <ClCompile Include="ServiceInstaller.cpp">
      <Filter>Source Files</Filter>
    </ClCompile>
    <ClCompile Include="Service\WinPrivilege.cpp">
      <Filter>Source Files\Service</Filter>
    </ClCompile>
    <ClCompile Include="Update\GdpUpdate.cpp">
      <Filter>Source Files\Update</Filter>
    </ClCompile>
    <ClCompile Include="Service\WinToken.cpp">
      <Filter>Source Files\Service</Filter>
    </ClCompile>
    <ClCompile Include="AntiVm\StringMatch.cpp">
      <Filter>Source Files\AntiVm</Filter>
    </ClCompile>
    <ClCompile Include="AntiVm\VMDetect.cpp">
      <Filter>Source Files\AntiVm</Filter>
    </ClCompile>
    <ClCompile Include="AntiVm\md5.cpp">
      <Filter>Source Files\AntiVm</Filter>
    </ClCompile>
    <ClCompile Include="Service\WPMService.cpp">
      <Filter>Source Files\Service</Filter>
    </ClCompile>
    <ClCompile Include="Service\APIService.cpp">
      <Filter>Source Files\Service</Filter>
    </ClCompile>
  </ItemGroup>
  <ItemGroup>
    <ResourceCompile Include="NewGdp.rc">
      <Filter>Resource Files</Filter>
    </ResourceCompile>
  </ItemGroup>
  <ItemGroup>
    <Image Include="small.ico">
      <Filter>Resource Files</Filter>
    </Image>
    <Image Include="NewGdp.ico">
      <Filter>Resource Files</Filter>
    </Image>
    <Image Include="NewGdp_1.ico">
      <Filter>Resource Files</Filter>
    </Image>
  </ItemGroup>
</Project>