<?xml version="1.0" encoding="utf-8"?>
<Project ToolsVersion="4.0" xmlns="http://schemas.microsoft.com/developer/msbuild/2003">
  <ItemGroup>
    <Filter Include="ShareMoudle">
      <UniqueIdentifier>{93995380-89BD-4b04-88EB-625FBE52EBFB}</UniqueIdentifier>
      <Extensions>h;hpp;hxx;hm;inl;inc;xsd</Extensions>
    </Filter>
    <Filter Include="FunctionUtilities">
      <UniqueIdentifier>{4FC737F1-C7A5-4376-A066-2A32D752A2FF}</UniqueIdentifier>
      <Extensions>cpp;c;cc;cxx;def;odl;idl;hpj;bat;asm;asmx</Extensions>
    </Filter>
    <Filter Include="ShareMoudle\Safe">
      <UniqueIdentifier>{7cf54fe6-6592-4ce1-b83f-c0e1645b9cca}</UniqueIdentifier>
    </Filter>
    <Filter Include="ShareMoudle\json">
      <UniqueIdentifier>{50a4685d-b4df-4bed-97fa-6d29169c50df}</UniqueIdentifier>
    </Filter>
    <Filter Include="ShareMoudle\json\src">
      <UniqueIdentifier>{de67eaaa-ad8c-4b98-af96-947adaa59e70}</UniqueIdentifier>
    </Filter>
    <Filter Include="ShareMoudle\Utilities">
      <UniqueIdentifier>{acc282f5-adcc-4251-991d-e5e2a9ce310e}</UniqueIdentifier>
    </Filter>
    <Filter Include="ShareMoudle\Report">
      <UniqueIdentifier>{5da0723f-1b08-462c-89f2-87f417002869}</UniqueIdentifier>
    </Filter>
    <Filter Include="ShareMoudle\strings">
      <UniqueIdentifier>{b154ec4c-5e0f-40d5-bfcd-18a298397991}</UniqueIdentifier>
    </Filter>
    <Filter Include="ShareMoudle\DumpLog">
      <UniqueIdentifier>{cce1d718-3346-401a-8aea-3e8c5895d7d1}</UniqueIdentifier>
    </Filter>
    <Filter Include="ShareMoudle\tinyXml">
      <UniqueIdentifier>{f4dd0045-376c-43c7-ac53-e99a0ba45e5b}</UniqueIdentifier>
    </Filter>
  </ItemGroup>
  <ItemGroup>
    <ClInclude Include="..\Src\json\assertions.h">
      <Filter>ShareMoudle\json</Filter>
    </ClInclude>
    <ClInclude Include="..\Src\json\autolink.h">
      <Filter>ShareMoudle\json</Filter>
    </ClInclude>
    <ClInclude Include="..\Src\json\config.h">
      <Filter>ShareMoudle\json</Filter>
    </ClInclude>
    <ClInclude Include="..\Src\json\features.h">
      <Filter>ShareMoudle\json</Filter>
    </ClInclude>
    <ClInclude Include="..\Src\json\forwards.h">
      <Filter>ShareMoudle\json</Filter>
    </ClInclude>
    <ClInclude Include="..\Src\json\json.h">
      <Filter>ShareMoudle\json</Filter>
    </ClInclude>
    <ClInclude Include="..\Src\json\reader.h">
      <Filter>ShareMoudle\json</Filter>
    </ClInclude>
    <ClInclude Include="..\Src\json\value.h">
      <Filter>ShareMoudle\json</Filter>
    </ClInclude>
    <ClInclude Include="..\Src\json\writer.h">
      <Filter>ShareMoudle\json</Filter>
    </ClInclude>
    <ClInclude Include="..\Src\json\src\json_batchallocator.h">
      <Filter>ShareMoudle\json\src</Filter>
    </ClInclude>
    <ClInclude Include="..\Src\json\src\json_tool.h">
      <Filter>ShareMoudle\json\src</Filter>
    </ClInclude>
    <ClInclude Include="..\Src\Safe\StrEncrypt.h">
      <Filter>ShareMoudle\Safe</Filter>
    </ClInclude>
    <ClInclude Include="..\Src\FunDefine.h">
      <Filter>ShareMoudle</Filter>
    </ClInclude>
    <ClInclude Include="..\Src\Utilities\eOSVer.h">
      <Filter>ShareMoudle\Utilities</Filter>
    </ClInclude>
    <ClInclude Include="..\Src\Utilities\eRegOpt.h">
      <Filter>ShareMoudle\Utilities</Filter>
    </ClInclude>
    <ClInclude Include="..\Src\Utilities\Singleton.h">
      <Filter>ShareMoudle\Utilities</Filter>
    </ClInclude>
    <ClInclude Include="..\Src\Utilities\Interlocked.h">
      <Filter>ShareMoudle\Utilities</Filter>
    </ClInclude>
    <ClInclude Include="..\Src\Utilities\FileVersion.h">
      <Filter>ShareMoudle\Utilities</Filter>
    </ClInclude>
    <ClInclude Include="..\Src\Utilities\uid.h">
      <Filter>ShareMoudle\Utilities</Filter>
    </ClInclude>
    <ClInclude Include="..\Src\Report\GReport.h">
      <Filter>ShareMoudle\Report</Filter>
    </ClInclude>
    <ClInclude Include="..\Src\Report\report.h">
      <Filter>ShareMoudle\Report</Filter>
    </ClInclude>
    <ClInclude Include="..\Src\Strings\StringsHelper.h">
      <Filter>ShareMoudle\strings</Filter>
    </ClInclude>
    <ClInclude Include="..\Src\Utilities\atlrx.h">
      <Filter>ShareMoudle\Utilities</Filter>
    </ClInclude>
    <ClInclude Include="..\Src\Utilities\RegExp.h">
      <Filter>ShareMoudle\Utilities</Filter>
    </ClInclude>
    <ClInclude Include="..\Src\Utilities\NationLanguage.h">
      <Filter>ShareMoudle\Utilities</Filter>
    </ClInclude>
    <ClInclude Include="..\Src\Safe\ConvStr.h">
      <Filter>ShareMoudle\Safe</Filter>
    </ClInclude>
    <ClInclude Include="..\Src\Safe\MD5.h">
      <Filter>ShareMoudle\Safe</Filter>
    </ClInclude>
    <ClInclude Include="..\Src\Safe\eBase64.h">
      <Filter>ShareMoudle\Safe</Filter>
    </ClInclude>
    <ClInclude Include="..\Src\StrDefine.h">
      <Filter>ShareMoudle</Filter>
    </ClInclude>
    <ClInclude Include="..\Src\Safe\dynamicFunction.h">
      <Filter>ShareMoudle\Safe</Filter>
    </ClInclude>
    <ClInclude Include="..\Src\DumpLog\ProgramLog.h">
      <Filter>ShareMoudle\DumpLog</Filter>
    </ClInclude>
    <ClInclude Include="..\Src\DumpLog\Log.h">
      <Filter>ShareMoudle\DumpLog</Filter>
    </ClInclude>
    <ClInclude Include="..\Src\tinyXml\tinystr.h">
      <Filter>ShareMoudle\tinyXml</Filter>
    </ClInclude>
    <ClInclude Include="..\Src\tinyXml\tinyxml.h">
      <Filter>ShareMoudle\tinyXml</Filter>
    </ClInclude>
    <ClInclude Include="..\Src\Utilities\Util.h">
      <Filter>ShareMoudle\Utilities</Filter>
    </ClInclude>
    <ClInclude Include="..\Src\Utilities\GetCRC32.h">
      <Filter>ShareMoudle\Utilities</Filter>
    </ClInclude>
  </ItemGroup>
  <ItemGroup>
    <None Include="..\Src\json\src\json_internalarray.inl">
      <Filter>ShareMoudle\json\src</Filter>
    </None>
    <None Include="..\Src\json\src\json_internalmap.inl">
      <Filter>ShareMoudle\json\src</Filter>
    </None>
    <None Include="..\Src\json\src\json_valueiterator.inl">
      <Filter>ShareMoudle\json\src</Filter>
    </None>
  </ItemGroup>
  <ItemGroup>
    <ClCompile Include="..\Src\json\src\json_reader.cpp">
      <Filter>ShareMoudle\json\src</Filter>
    </ClCompile>
    <ClCompile Include="..\Src\json\src\json_value.cpp">
      <Filter>ShareMoudle\json\src</Filter>
    </ClCompile>
    <ClCompile Include="..\Src\json\src\json_writer.cpp">
      <Filter>ShareMoudle\json\src</Filter>
    </ClCompile>
    <ClCompile Include="..\Src\Safe\StrEncrypt.cpp">
      <Filter>ShareMoudle\Safe</Filter>
    </ClCompile>
    <ClCompile Include="..\Src\Utilities\eRegOpt.cpp">
      <Filter>ShareMoudle\Utilities</Filter>
    </ClCompile>
    <ClCompile Include="..\Src\Utilities\FileVersion.cpp">
      <Filter>ShareMoudle\Utilities</Filter>
    </ClCompile>
    <ClCompile Include="..\Src\Utilities\uid.cpp">
      <Filter>ShareMoudle\Utilities</Filter>
    </ClCompile>
    <ClCompile Include="..\Src\Report\GReport.cpp">
      <Filter>ShareMoudle\Report</Filter>
    </ClCompile>
    <ClCompile Include="..\Src\Report\report.cpp">
      <Filter>ShareMoudle\Report</Filter>
    </ClCompile>
    <ClCompile Include="..\Src\Strings\StringsHelper.cpp">
      <Filter>ShareMoudle\strings</Filter>
    </ClCompile>
    <ClCompile Include="..\Src\Utilities\NationLanguage.cpp">
      <Filter>ShareMoudle\Utilities</Filter>
    </ClCompile>
    <ClCompile Include="..\Src\Net\HttpDownload\HttpClient.cpp">
      <Filter>FunctionUtilities</Filter>
    </ClCompile>
    <ClCompile Include="..\Src\Net\HttpDownload\TcpipSocket.cpp">
      <Filter>FunctionUtilities</Filter>
    </ClCompile>
    <ClCompile Include="..\Src\Net\HttpDownload\UTL_FileTime.cpp">
      <Filter>FunctionUtilities</Filter>
    </ClCompile>
    <ClCompile Include="..\Src\Safe\MD5.cpp">
      <Filter>ShareMoudle\Safe</Filter>
    </ClCompile>
    <ClCompile Include="..\Src\Safe\eBase64.cpp">
      <Filter>ShareMoudle\Safe</Filter>
    </ClCompile>
    <ClCompile Include="..\Src\Safe\dynamicFunction.cpp">
      <Filter>ShareMoudle\Safe</Filter>
    </ClCompile>
    <ClCompile Include="..\Src\DumpLog\ProgramLog.cpp">
      <Filter>ShareMoudle\DumpLog</Filter>
    </ClCompile>
    <ClCompile Include="..\Src\DumpLog\Log.cpp">
      <Filter>ShareMoudle\DumpLog</Filter>
    </ClCompile>
    <ClCompile Include="..\Src\tinyXml\tinystr.cpp">
      <Filter>ShareMoudle\tinyXml</Filter>
    </ClCompile>
    <ClCompile Include="..\Src\tinyXml\tinyxml.cpp">
      <Filter>ShareMoudle\tinyXml</Filter>
    </ClCompile>
    <ClCompile Include="..\Src\tinyXml\tinyxmlerror.cpp">
      <Filter>ShareMoudle\tinyXml</Filter>
    </ClCompile>
    <ClCompile Include="..\Src\tinyXml\tinyxmlparser.cpp">
      <Filter>ShareMoudle\tinyXml</Filter>
    </ClCompile>
    <ClCompile Include="..\Src\Utilities\Util.cpp">
      <Filter>ShareMoudle\Utilities</Filter>
    </ClCompile>
    <ClCompile Include="..\Src\Utilities\GetCRC32.cpp">
      <Filter>ShareMoudle\Utilities</Filter>
    </ClCompile>
  </ItemGroup>
</Project>